
Microsoft Visual Studio Solution File, Format Version 12.00
# Visual Studio Version 17
VisualStudioVersion = 17.5.001.0
MinimumVisualStudioVersion = 10.0.40219.1
Project("{9A19103F-16F7-4668-BE54-9A1E7A4F7556}") = "StoreApp", "StoreApp.csproj", "{3037EE38-8BFA-4AA9-82FA-BB6D1563A0ED}"
EndProject
Global
	GlobalSection(SolutionConfigurationPlatforms) = preSolution
		Debug|Any CPU = Debug|Any CPU
		Release|Any CPU = Release|Any CPU
	EndGlobalSection
	GlobalSection(ProjectConfigurationPlatforms) = postSolution
		{3037EE38-8BFA-4AA9-82FA-BB6D1563A0ED}.Debug|Any CPU.ActiveCfg = Debug|Any CPU
		{3037EE38-8BFA-4AA9-82FA-BB6D1563A0ED}.Debug|Any CPU.Build.0 = Debug|Any CPU
		{3037EE38-8BFA-4AA9-82FA-BB6D1563A0ED}.Release|Any CPU.ActiveCfg = Release|Any CPU
		{3037EE38-8BFA-4AA9-82FA-BB6D1563A0ED}.Release|Any CPU.Build.0 = Release|Any CPU
	EndGlobalSection
	GlobalSection(SolutionProperties) = preSolution
		HideSolutionNode = FALSE
	EndGlobalSection
	GlobalSection(ExtensibilityGlobals) = postSolution
		SolutionGuid = {0D6C3A10-DD9E-45D1-B576-08C4D2C2205C}
	EndGlobalSection
EndGlobal
