
Microsoft Visual Studio Solution File, Format Version 12.00
# Visual Studio Version 17
VisualStudioVersion = 17.0.31903.59
MinimumVisualStudioVersion = 10.0.40219.1
Project("{9A19103F-16F7-4668-BE54-9A1E7A4F7556}") = "StoreApp", "StoreApp\StoreApp.csproj", "{A819B8CB-768C-46A8-A0ED-5C661B801992}"
EndProject
Project("{9A19103F-16F7-4668-BE54-9A1E7A4F7556}") = "Entities", "Entities\Entities.csproj", "{DBF72447-299C-401B-8642-A97E19F87F2A}"
EndProject
Project("{9A19103F-16F7-4668-BE54-9A1E7A4F7556}") = "Repositories", "Repositories\Repositories.csproj", "{EA26CCC1-A95D-4632-8B37-DCF23F13E8D5}"
EndProject
Project("{FAE04EC0-301F-11D3-BF4B-00C04F79EFBC}") = "Services", "Services\Services.csproj", "{6A869534-A87B-46BF-8A14-0F5486A90E6B}"
EndProject
Global
	GlobalSection(SolutionConfigurationPlatforms) = preSolution
		Debug|Any CPU = Debug|Any CPU
		Release|Any CPU = Release|Any CPU
	EndGlobalSection
	GlobalSection(ProjectConfigurationPlatforms) = postSolution
		{A819B8CB-768C-46A8-A0ED-5C661B801992}.Debug|Any CPU.ActiveCfg = Debug|Any CPU
		{A819B8CB-768C-46A8-A0ED-5C661B801992}.Debug|Any CPU.Build.0 = Debug|Any CPU
		{A819B8CB-768C-46A8-A0ED-5C661B801992}.Release|Any CPU.ActiveCfg = Release|Any CPU
		{A819B8CB-768C-46A8-A0ED-5C661B801992}.Release|Any CPU.Build.0 = Release|Any CPU
		{DBF72447-299C-401B-8642-A97E19F87F2A}.Debug|Any CPU.ActiveCfg = Debug|Any CPU
		{DBF72447-299C-401B-8642-A97E19F87F2A}.Debug|Any CPU.Build.0 = Debug|Any CPU
		{DBF72447-299C-401B-8642-A97E19F87F2A}.Release|Any CPU.ActiveCfg = Release|Any CPU
		{DBF72447-299C-401B-8642-A97E19F87F2A}.Release|Any CPU.Build.0 = Release|Any CPU
		{EA26CCC1-A95D-4632-8B37-DCF23F13E8D5}.Debug|Any CPU.ActiveCfg = Debug|Any CPU
		{EA26CCC1-A95D-4632-8B37-DCF23F13E8D5}.Debug|Any CPU.Build.0 = Debug|Any CPU
		{EA26CCC1-A95D-4632-8B37-DCF23F13E8D5}.Release|Any CPU.ActiveCfg = Release|Any CPU
		{EA26CCC1-A95D-4632-8B37-DCF23F13E8D5}.Release|Any CPU.Build.0 = Release|Any CPU
		{6A869534-A87B-46BF-8A14-0F5486A90E6B}.Debug|Any CPU.ActiveCfg = Debug|Any CPU
		{6A869534-A87B-46BF-8A14-0F5486A90E6B}.Debug|Any CPU.Build.0 = Debug|Any CPU
		{6A869534-A87B-46BF-8A14-0F5486A90E6B}.Release|Any CPU.ActiveCfg = Release|Any CPU
		{6A869534-A87B-46BF-8A14-0F5486A90E6B}.Release|Any CPU.Build.0 = Release|Any CPU
	EndGlobalSection
	GlobalSection(SolutionProperties) = preSolution
		HideSolutionNode = FALSE
	EndGlobalSection
EndGlobal
