
Microsoft Visual Studio Solution File, Format Version 12.00
# Visual Studio Version 17
VisualStudioVersion = 17.0.31903.59
MinimumVisualStudioVersion = 10.0.40219.1
Project("{FAE04EC0-301F-11D3-BF4B-00C04F79EFBC}") = "StoreApp", "StoreApp\StoreApp.csproj", "{A819B8CB-768C-46A8-A0ED-5C661B801992}"
EndProject
Global
	GlobalSection(SolutionConfigurationPlatforms) = preSolution
		Debug|Any CPU = Debug|Any CPU
		Release|Any CPU = Release|Any CPU
	EndGlobalSection
	GlobalSection(SolutionProperties) = preSolution
		HideSolutionNode = FALSE
	EndGlobalSection
	GlobalSection(ProjectConfigurationPlatforms) = postSolution
		{A819B8CB-768C-46A8-A0ED-5C661B801992}.Debug|Any CPU.ActiveCfg = Debug|Any CPU
		{A819B8CB-768C-46A8-A0ED-5C661B801992}.Debug|Any CPU.Build.0 = Debug|Any CPU
		{A819B8CB-768C-46A8-A0ED-5C661B801992}.Release|Any CPU.ActiveCfg = Release|Any CPU
		{A819B8CB-768C-46A8-A0ED-5C661B801992}.Release|Any CPU.Build.0 = Release|Any CPU
	EndGlobalSection
EndGlobal
