
Microsoft Visual Studio Solution File, Format Version 12.00
# Visual Studio Version 17
VisualStudioVersion = 17.0.31903.59
MinimumVisualStudioVersion = 10.0.40219.1
Project("{9A19103F-16F7-4668-BE54-9A1E7A4F7556}") = "Services", "Services\Services.csproj", "{6A869534-A87B-46BF-8A14-0F5486A90E6B}"
EndProject
Project("{9A19103F-16F7-4668-BE54-9A1E7A4F7556}") = "Entities", "Entities\Entities.csproj", "{00ACB562-7F37-4410-8F4A-239A794413CD}"
EndProject
Project("{9A19103F-16F7-4668-BE54-9A1E7A4F7556}") = "StoreApp", "StoreApp\StoreApp.csproj", "{34E86B30-8F5B-4234-B066-CB425FDAABC9}"
EndProject
Project("{9A19103F-16F7-4668-BE54-9A1E7A4F7556}") = "Repositories", "Repositories\Repositories.csproj", "{88C61CE3-0AFE-4A2D-B08D-D902934DF720}"
EndProject
Global
	GlobalSection(SolutionConfigurationPlatforms) = preSolution
		Debug|Any CPU = Debug|Any CPU
		Release|Any CPU = Release|Any CPU
	EndGlobalSection
	GlobalSection(ProjectConfigurationPlatforms) = postSolution
		{6A869534-A87B-46BF-8A14-0F5486A90E6B}.Debug|Any CPU.ActiveCfg = Debug|Any CPU
		{6A869534-A87B-46BF-8A14-0F5486A90E6B}.Debug|Any CPU.Build.0 = Debug|Any CPU
		{6A869534-A87B-46BF-8A14-0F5486A90E6B}.Release|Any CPU.ActiveCfg = Release|Any CPU
		{6A869534-A87B-46BF-8A14-0F5486A90E6B}.Release|Any CPU.Build.0 = Release|Any CPU
		{00ACB562-7F37-4410-8F4A-239A794413CD}.Debug|Any CPU.ActiveCfg = Debug|Any CPU
		{00ACB562-7F37-4410-8F4A-239A794413CD}.Debug|Any CPU.Build.0 = Debug|Any CPU
		{00ACB562-7F37-4410-8F4A-239A794413CD}.Release|Any CPU.ActiveCfg = Release|Any CPU
		{00ACB562-7F37-4410-8F4A-239A794413CD}.Release|Any CPU.Build.0 = Release|Any CPU
		{34E86B30-8F5B-4234-B066-CB425FDAABC9}.Debug|Any CPU.ActiveCfg = Debug|Any CPU
		{34E86B30-8F5B-4234-B066-CB425FDAABC9}.Debug|Any CPU.Build.0 = Debug|Any CPU
		{34E86B30-8F5B-4234-B066-CB425FDAABC9}.Release|Any CPU.ActiveCfg = Release|Any CPU
		{34E86B30-8F5B-4234-B066-CB425FDAABC9}.Release|Any CPU.Build.0 = Release|Any CPU
		{88C61CE3-0AFE-4A2D-B08D-D902934DF720}.Debug|Any CPU.ActiveCfg = Debug|Any CPU
		{88C61CE3-0AFE-4A2D-B08D-D902934DF720}.Debug|Any CPU.Build.0 = Debug|Any CPU
		{88C61CE3-0AFE-4A2D-B08D-D902934DF720}.Release|Any CPU.ActiveCfg = Release|Any CPU
		{88C61CE3-0AFE-4A2D-B08D-D902934DF720}.Release|Any CPU.Build.0 = Release|Any CPU
	EndGlobalSection
	GlobalSection(SolutionProperties) = preSolution
		HideSolutionNode = FALSE
	EndGlobalSection
	GlobalSection(ExtensibilityGlobals) = postSolution
		SolutionGuid = {E4D16939-6D99-4FCD-866B-035E697D1DDD}
	EndGlobalSection
EndGlobal
